// !$*UTF8*$!
{
	archiveVersion = 1;
	classes = {
	};
	objectVersion = 56;
	objects = {

/* Begin PBXBuildFile section */
		19C3F57C2B8CEC7D00076749 /* AudioTextApp.swift in Sources */ = {isa = PBXBuildFile; fileRef = 19C3F57B2B8CEC7D00076749 /* AudioTextApp.swift */; };
		19C3F57E2B8CEC7D00076749 /* ContentView.swift in Sources */ = {isa = PBXBuildFile; fileRef = 19C3F57D2B8CEC7D00076749 /* ContentView.swift */; };
		19C3F5802B8CEC8000076749 /* Assets.xcassets in Resources */ = {isa = PBXBuildFile; fileRef = 19C3F57F2B8CEC8000076749 /* Assets.xcassets */; };
		19C3F5832B8CEC8000076749 /* Preview Assets.xcassets in Resources */ = {isa = PBXBuildFile; fileRef = 19C3F5822B8CEC8000076749 /* Preview Assets.xcassets */; };
		19C3F58A2B8CF37100076749 /* lucho.m4a in Resources */ = {isa = PBXBuildFile; fileRef = 19C3F5892B8CF37000076749 /* lucho.m4a */; };
		19C3F58D2B8CF5A600076749 /* AudioTextView.swift in Sources */ = {isa = PBXBuildFile; fileRef = 19C3F58C2B8CF5A600076749 /* AudioTextView.swift */; };
		19C3F58F2B8CF95500076749 /* AudioTranscriber.swift in Sources */ = {isa = PBXBuildFile; fileRef = 19C3F58E2B8CF95500076749 /* AudioTranscriber.swift */; };
/* End PBXBuildFile section */

/* Begin PBXFileReference section */
		19C3F5782B8CEC7D00076749 /* AudioText.app */ = {isa = PBXFileReference; explicitFileType = wrapper.application; includeInIndex = 0; path = AudioText.app; sourceTree = BUILT_PRODUCTS_DIR; };
		19C3F57B2B8CEC7D00076749 /* AudioTextApp.swift */ = {isa = PBXFileReference; lastKnownFileType = sourcecode.swift; path = AudioTextApp.swift; sourceTree = "<group>"; };
		19C3F57D2B8CEC7D00076749 /* ContentView.swift */ = {isa = PBXFileReference; lastKnownFileType = sourcecode.swift; path = ContentView.swift; sourceTree = "<group>"; };
		19C3F57F2B8CEC8000076749 /* Assets.xcassets */ = {isa = PBXFileReference; lastKnownFileType = folder.assetcatalog; path = Assets.xcassets; sourceTree = "<group>"; };
		19C3F5822B8CEC8000076749 /* Preview Assets.xcassets */ = {isa = PBXFileReference; lastKnownFileType = folder.assetcatalog; path = "Preview Assets.xcassets"; sourceTree = "<group>"; };
		19C3F5892B8CF37000076749 /* lucho.m4a */ = {isa = PBXFileReference; lastKnownFileType = file; path = lucho.m4a; sourceTree = "<group>"; };
		19C3F58C2B8CF5A600076749 /* AudioTextView.swift */ = {isa = PBXFileReference; lastKnownFileType = sourcecode.swift; path = AudioTextView.swift; sourceTree = "<group>"; };
		19C3F58E2B8CF95500076749 /* AudioTranscriber.swift */ = {isa = PBXFileReference; lastKnownFileType = sourcecode.swift; path = AudioTranscriber.swift; sourceTree = "<group>"; };
/* End PBXFileReference section */

/* Begin PBXFrameworksBuildPhase section */
		19C3F5752B8CEC7D00076749 /* Frameworks */ = {
			isa = PBXFrameworksBuildPhase;
			buildActionMask = 2147483647;
			files = (
			);
			runOnlyForDeploymentPostprocessing = 0;
		};
/* End PBXFrameworksBuildPhase section */

/* Begin PBXGroup section */
		19C3F56F2B8CEC7D00076749 = {
			isa = PBXGroup;
			children = (
				19C3F58B2B8CF57300076749 /* Views */,
				19C3F57A2B8CEC7D00076749 /* AudioText */,
				19C3F5792B8CEC7D00076749 /* Products */,
			);
			sourceTree = "<group>";
		};
		19C3F5792B8CEC7D00076749 /* Products */ = {
			isa = PBXGroup;
			children = (
				19C3F5782B8CEC7D00076749 /* AudioText.app */,
			);
			name = Products;
			sourceTree = "<group>";
		};
		19C3F57A2B8CEC7D00076749 /* AudioText */ = {
			isa = PBXGroup;
			children = (
				19C3F5892B8CF37000076749 /* lucho.m4a */,
				19C3F57B2B8CEC7D00076749 /* AudioTextApp.swift */,
				19C3F57D2B8CEC7D00076749 /* ContentView.swift */,
				19C3F57F2B8CEC8000076749 /* Assets.xcassets */,
				19C3F5812B8CEC8000076749 /* Preview Content */,
			);
			path = AudioText;
			sourceTree = "<group>";
		};
		19C3F5812B8CEC8000076749 /* Preview Content */ = {
			isa = PBXGroup;
			children = (
				19C3F5822B8CEC8000076749 /* Preview Assets.xcassets */,
			);
			path = "Preview Content";
			sourceTree = "<group>";
		};
		19C3F58B2B8CF57300076749 /* Views */ = {
			isa = PBXGroup;
			children = (
				19C3F58C2B8CF5A600076749 /* AudioTextView.swift */,
				19C3F58E2B8CF95500076749 /* AudioTranscriber.swift */,
			);
			path = Views;
			sourceTree = "<group>";
		};
/* End PBXGroup section */

/* Begin PBXNativeTarget section */
		19C3F5772B8CEC7D00076749 /* AudioText */ = {
			isa = PBXNativeTarget;
			buildConfigurationList = 19C3F5862B8CEC8000076749 /* Build configuration list for PBXNativeTarget "AudioText" */;
			buildPhases = (
				19C3F5742B8CEC7D00076749 /* Sources */,
				19C3F5752B8CEC7D00076749 /* Frameworks */,
				19C3F5762B8CEC7D00076749 /* Resources */,
			);
			buildRules = (
			);
			dependencies = (
			);
			name = AudioText;
			productName = AudioText;
			productReference = 19C3F5782B8CEC7D00076749 /* AudioText.app */;
			productType = "com.apple.product-type.application";
		};
/* End PBXNativeTarget section */

/* Begin PBXProject section */
		19C3F5702B8CEC7D00076749 /* Project object */ = {
			isa = PBXProject;
			attributes = {
				BuildIndependentTargetsInParallel = 1;
				LastSwiftUpdateCheck = 1500;
				LastUpgradeCheck = 1500;
				TargetAttributes = {
					19C3F5772B8CEC7D00076749 = {
						CreatedOnToolsVersion = 15.0.1;
					};
				};
			};
			buildConfigurationList = 19C3F5732B8CEC7D00076749 /* Build configuration list for PBXProject "AudioText" */;
			compatibilityVersion = "Xcode 14.0";
			developmentRegion = en;
			hasScannedForEncodings = 0;
			knownRegions = (
				en,
				Base,
			);
			mainGroup = 19C3F56F2B8CEC7D00076749;
			productRefGroup = 19C3F5792B8CEC7D00076749 /* Products */;
			projectDirPath = "";
			projectRoot = "";
			targets = (
				19C3F5772B8CEC7D00076749 /* AudioText */,
			);
		};
/* End PBXProject section */

/* Begin PBXResourcesBuildPhase section */
		19C3F5762B8CEC7D00076749 /* Resources */ = {
			isa = PBXResourcesBuildPhase;
			buildActionMask = 2147483647;
			files = (
				19C3F5832B8CEC8000076749 /* Preview Assets.xcassets in Resources */,
				19C3F58A2B8CF37100076749 /* lucho.m4a in Resources */,
				19C3F5802B8CEC8000076749 /* Assets.xcassets in Resources */,
			);
			runOnlyForDeploymentPostprocessing = 0;
		};
/* End PBXResourcesBuildPhase section */

/* Begin PBXSourcesBuildPhase section */
		19C3F5742B8CEC7D00076749 /* Sources */ = {
			isa = PBXSourcesBuildPhase;
			buildActionMask = 2147483647;
			files = (
				19C3F58D2B8CF5A600076749 /* AudioTextView.swift in Sources */,
				19C3F57E2B8CEC7D00076749 /* ContentView.swift in Sources */,
				19C3F58F2B8CF95500076749 /* AudioTranscriber.swift in Sources */,
				19C3F57C2B8CEC7D00076749 /* AudioTextApp.swift in Sources */,
			);
			runOnlyForDeploymentPostprocessing = 0;
		};
/* End PBXSourcesBuildPhase section */

/* Begin XCBuildConfiguration section */
		19C3F5842B8CEC8000076749 /* Debug */ = {
			isa = XCBuildConfiguration;
			buildSettings = {
				ALWAYS_SEARCH_USER_PATHS = NO;
				ASSETCATALOG_COMPILER_GENERATE_SWIFT_ASSET_SYMBOL_EXTENSIONS = YES;
				CLANG_ANALYZER_NONNULL = YES;
				CLANG_ANALYZER_NUMBER_OBJECT_CONVERSION = YES_AGGRESSIVE;
				CLANG_CXX_LANGUAGE_STANDARD = "gnu++20";
				CLANG_ENABLE_MODULES = YES;
				CLANG_ENABLE_OBJC_ARC = YES;
				CLANG_ENABLE_OBJC_WEAK = YES;
				CLANG_WARN_BLOCK_CAPTURE_AUTORELEASING = YES;
				CLANG_WARN_BOOL_CONVERSION = YES;
				CLANG_WARN_COMMA = YES;
				CLANG_WARN_CONSTANT_CONVERSION = YES;
				CLANG_WARN_DEPRECATED_OBJC_IMPLEMENTATIONS = YES;
				CLANG_WARN_DIRECT_OBJC_ISA_USAGE = YES_ERROR;
				CLANG_WARN_DOCUMENTATION_COMMENTS = YES;
				CLANG_WARN_EMPTY_BODY = YES;
				CLANG_WARN_ENUM_CONVERSION = YES;
				CLANG_WARN_INFINITE_RECURSION = YES;
				CLANG_WARN_INT_CONVERSION = YES;
				CLANG_WARN_NON_LITERAL_NULL_CONVERSION = YES;
				CLANG_WARN_OBJC_IMPLICIT_RETAIN_SELF = YES;
				CLANG_WARN_OBJC_LITERAL_CONVERSION = YES;
				CLANG_WARN_OBJC_ROOT_CLASS = YES_ERROR;
				CLANG_WARN_QUOTED_INCLUDE_IN_FRAMEWORK_HEADER = YES;
				CLANG_WARN_RANGE_LOOP_ANALYSIS = YES;
				CLANG_WARN_STRICT_PROTOTYPES = YES;
				CLANG_WARN_SUSPICIOUS_MOVE = YES;
				CLANG_WARN_UNGUARDED_AVAILABILITY = YES_AGGRESSIVE;
				CLANG_WARN_UNREACHABLE_CODE = YES;
				CLANG_WARN__DUPLICATE_METHOD_MATCH = YES;
				COPY_PHASE_STRIP = NO;
				DEBUG_INFORMATION_FORMAT = dwarf;
				ENABLE_STRICT_OBJC_MSGSEND = YES;
				ENABLE_TESTABILITY = YES;
				ENABLE_USER_SCRIPT_SANDBOXING = YES;
				GCC_C_LANGUAGE_STANDARD = gnu17;
				GCC_DYNAMIC_NO_PIC = NO;
				GCC_NO_COMMON_BLOCKS = YES;
				GCC_OPTIMIZATION_LEVEL = 0;
				GCC_PREPROCESSOR_DEFINITIONS = (
					"DEBUG=1",
					"$(inherited)",
				);
				GCC_WARN_64_TO_32_BIT_CONVERSION = YES;
				GCC_WARN_ABOUT_RETURN_TYPE = YES_ERROR;
				GCC_WARN_UNDECLARED_SELECTOR = YES;
				GCC_WARN_UNINITIALIZED_AUTOS = YES_AGGRESSIVE;
				GCC_WARN_UNUSED_FUNCTION = YES;
				GCC_WARN_UNUSED_VARIABLE = YES;
				IPHONEOS_DEPLOYMENT_TARGET = 17.0;
				LOCALIZATION_PREFERS_STRING_CATALOGS = YES;
				MTL_ENABLE_DEBUG_INFO = INCLUDE_SOURCE;
				MTL_FAST_MATH = YES;
				ONLY_ACTIVE_ARCH = YES;
				SDKROOT = iphoneos;
				SWIFT_ACTIVE_COMPILATION_CONDITIONS = "DEBUG $(inherited)";
				SWIFT_OPTIMIZATION_LEVEL = "-Onone";
			};
			name = Debug;
		};
		19C3F5852B8CEC8000076749 /* Release */ = {
			isa = XCBuildConfiguration;
			buildSettings = {
				ALWAYS_SEARCH_USER_PATHS = NO;
				ASSETCATALOG_COMPILER_GENERATE_SWIFT_ASSET_SYMBOL_EXTENSIONS = YES;
				CLANG_ANALYZER_NONNULL = YES;
				CLANG_ANALYZER_NUMBER_OBJECT_CONVERSION = YES_AGGRESSIVE;
				CLANG_CXX_LANGUAGE_STANDARD = "gnu++20";
				CLANG_ENABLE_MODULES = YES;
				CLANG_ENABLE_OBJC_ARC = YES;
				CLANG_ENABLE_OBJC_WEAK = YES;
				CLANG_WARN_BLOCK_CAPTURE_AUTORELEASING = YES;
				CLANG_WARN_BOOL_CONVERSION = YES;
				CLANG_WARN_COMMA = YES;
				CLANG_WARN_CONSTANT_CONVERSION = YES;
				CLANG_WARN_DEPRECATED_OBJC_IMPLEMENTATIONS = YES;
				CLANG_WARN_DIRECT_OBJC_ISA_USAGE = YES_ERROR;
				CLANG_WARN_DOCUMENTATION_COMMENTS = YES;
				CLANG_WARN_EMPTY_BODY = YES;
				CLANG_WARN_ENUM_CONVERSION = YES;
				CLANG_WARN_INFINITE_RECURSION = YES;
				CLANG_WARN_INT_CONVERSION = YES;
				CLANG_WARN_NON_LITERAL_NULL_CONVERSION = YES;
				CLANG_WARN_OBJC_IMPLICIT_RETAIN_SELF = YES;
				CLANG_WARN_OBJC_LITERAL_CONVERSION = YES;
				CLANG_WARN_OBJC_ROOT_CLASS = YES_ERROR;
				CLANG_WARN_QUOTED_INCLUDE_IN_FRAMEWORK_HEADER = YES;
				CLANG_WARN_RANGE_LOOP_ANALYSIS = YES;
				CLANG_WARN_STRICT_PROTOTYPES = YES;
				CLANG_WARN_SUSPICIOUS_MOVE = YES;
				CLANG_WARN_UNGUARDED_AVAILABILITY = YES_AGGRESSIVE;
				CLANG_WARN_UNREACHABLE_CODE = YES;
				CLANG_WARN__DUPLICATE_METHOD_MATCH = YES;
				COPY_PHASE_STRIP = NO;
				DEBUG_INFORMATION_FORMAT = "dwarf-with-dsym";
				ENABLE_NS_ASSERTIONS = NO;
				ENABLE_STRICT_OBJC_MSGSEND = YES;
				ENABLE_USER_SCRIPT_SANDBOXING = YES;
				GCC_C_LANGUAGE_STANDARD = gnu17;
				GCC_NO_COMMON_BLOCKS = YES;
				GCC_WARN_64_TO_32_BIT_CONVERSION = YES;
				GCC_WARN_ABOUT_RETURN_TYPE = YES_ERROR;
				GCC_WARN_UNDECLARED_SELECTOR = YES;
				GCC_WARN_UNINITIALIZED_AUTOS = YES_AGGRESSIVE;
				GCC_WARN_UNUSED_FUNCTION = YES;
				GCC_WARN_UNUSED_VARIABLE = YES;
				IPHONEOS_DEPLOYMENT_TARGET = 17.0;
				LOCALIZATION_PREFERS_STRING_CATALOGS = YES;
				MTL_ENABLE_DEBUG_INFO = NO;
				MTL_FAST_MATH = YES;
				SDKROOT = iphoneos;
				SWIFT_COMPILATION_MODE = wholemodule;
				VALIDATE_PRODUCT = YES;
			};
			name = Release;
		};
		19C3F5872B8CEC8000076749 /* Debug */ = {
			isa = XCBuildConfiguration;
			buildSettings = {
				ASSETCATALOG_COMPILER_APPICON_NAME = AppIcon;
				ASSETCATALOG_COMPILER_GLOBAL_ACCENT_COLOR_NAME = AccentColor;
				CODE_SIGN_STYLE = Automatic;
				CURRENT_PROJECT_VERSION = 1;
				DEVELOPMENT_ASSET_PATHS = "\"AudioText/Preview Content\"";
				DEVELOPMENT_TEAM = WEE3S3NWZ2;
				ENABLE_PREVIEWS = YES;
				GENERATE_INFOPLIST_FILE = YES;
				INFOPLIST_KEY_NSMicrophoneUsageDescription = "\"USO DE MICROFONO\"";
				INFOPLIST_KEY_NSSpeechRecognitionUsageDescription = "\"AVISO IMPORTANTE\"";
				INFOPLIST_KEY_UIApplicationSceneManifest_Generation = YES;
				INFOPLIST_KEY_UIApplicationSupportsIndirectInputEvents = YES;
				INFOPLIST_KEY_UILaunchScreen_Generation = YES;
				INFOPLIST_KEY_UISupportedInterfaceOrientations_iPad = "UIInterfaceOrientationPortrait UIInterfaceOrientationPortraitUpsideDown UIInterfaceOrientationLandscapeLeft UIInterfaceOrientationLandscapeRight";
				INFOPLIST_KEY_UISupportedInterfaceOrientations_iPhone = "UIInterfaceOrientationPortrait UIInterfaceOrientationLandscapeLeft UIInterfaceOrientationLandscapeRight";
				LD_RUNPATH_SEARCH_PATHS = (
					"$(inherited)",
					"@executable_path/Frameworks",
				);
				MARKETING_VERSION = 1.0;
				PRODUCT_BUNDLE_IDENTIFIER = luchonic.AudioText;
				PRODUCT_NAME = "$(TARGET_NAME)";
				SUPPORTED_PLATFORMS = "iphoneos iphonesimulator";
				SUPPORTS_MACCATALYST = NO;
				SUPPORTS_MAC_DESIGNED_FOR_IPHONE_IPAD = NO;
				SWIFT_EMIT_LOC_STRINGS = YES;
				SWIFT_VERSION = 5.0;
				TARGETED_DEVICE_FAMILY = "1,2";
			};
			name = Debug;
		};
		19C3F5882B8CEC8000076749 /* Release */ = {
			isa = XCBuildConfiguration;
			buildSettings = {
				ASSETCATALOG_COMPILER_APPICON_NAME = AppIcon;
				ASSETCATALOG_COMPILER_GLOBAL_ACCENT_COLOR_NAME = AccentColor;
				CODE_SIGN_STYLE = Automatic;
				CURRENT_PROJECT_VERSION = 1;
				DEVELOPMENT_ASSET_PATHS = "\"AudioText/Preview Content\"";
				DEVELOPMENT_TEAM = WEE3S3NWZ2;
				ENABLE_PREVIEWS = YES;
				GENERATE_INFOPLIST_FILE = YES;
				INFOPLIST_KEY_NSMicrophoneUsageDescription = "\"USO DE MICROFONO\"";
				INFOPLIST_KEY_NSSpeechRecognitionUsageDescription = "\"AVISO IMPORTANTE\"";
				INFOPLIST_KEY_UIApplicationSceneManifest_Generation = YES;
				INFOPLIST_KEY_UIApplicationSupportsIndirectInputEvents = YES;
				INFOPLIST_KEY_UILaunchScreen_Generation = YES;
				INFOPLIST_KEY_UISupportedInterfaceOrientations_iPad = "UIInterfaceOrientationPortrait UIInterfaceOrientationPortraitUpsideDown UIInterfaceOrientationLandscapeLeft UIInterfaceOrientationLandscapeRight";
				INFOPLIST_KEY_UISupportedInterfaceOrientations_iPhone = "UIInterfaceOrientationPortrait UIInterfaceOrientationLandscapeLeft UIInterfaceOrientationLandscapeRight";
				LD_RUNPATH_SEARCH_PATHS = (
					"$(inherited)",
					"@executable_path/Frameworks",
				);
				MARKETING_VERSION = 1.0;
				PRODUCT_BUNDLE_IDENTIFIER = luchonic.AudioText;
				PRODUCT_NAME = "$(TARGET_NAME)";
				SUPPORTED_PLATFORMS = "iphoneos iphonesimulator";
				SUPPORTS_MACCATALYST = NO;
				SUPPORTS_MAC_DESIGNED_FOR_IPHONE_IPAD = NO;
				SWIFT_EMIT_LOC_STRINGS = YES;
				SWIFT_VERSION = 5.0;
				TARGETED_DEVICE_FAMILY = "1,2";
			};
			name = Release;
		};
/* End XCBuildConfiguration section */

/* Begin XCConfigurationList section */
		19C3F5732B8CEC7D00076749 /* Build configuration list for PBXProject "AudioText" */ = {
			isa = XCConfigurationList;
			buildConfigurations = (
				19C3F5842B8CEC8000076749 /* Debug */,
				19C3F5852B8CEC8000076749 /* Release */,
			);
			defaultConfigurationIsVisible = 0;
			defaultConfigurationName = Release;
		};
		19C3F5862B8CEC8000076749 /* Build configuration list for PBXNativeTarget "AudioText" */ = {
			isa = XCConfigurationList;
			buildConfigurations = (
				19C3F5872B8CEC8000076749 /* Debug */,
				19C3F5882B8CEC8000076749 /* Release */,
			);
			defaultConfigurationIsVisible = 0;
			defaultConfigurationName = Release;
		};
/* End XCConfigurationList section */
	};
	rootObject = 19C3F5702B8CEC7D00076749 /* Project object */;
}
